
Microsoft Visual Studio Solution File, Format Version 12.00
# Visual Studio Version 17
VisualStudioVersion = 17.12.35527.113
MinimumVisualStudioVersion = 10.0.40219.1
Project("{FAE04EC0-301F-11D3-BF4B-00C04F79EFBC}") = "CalcApi", "src\CalcApi\CalcApi.csproj", "{5009BC9B-6317-4FE9-91CC-E5E9B89AC7FA}"
EndProject
Project("{FAE04EC0-301F-11D3-BF4B-00C04F79EFBC}") = "CalcApi.Tests", "CalcApi.Tests\CalcApi.Tests.csproj", "{D1313B47-D943-4875-A5A3-2D6AA9D6E8D2}"
EndProject
Global
	GlobalSection(SolutionConfigurationPlatforms) = preSolution
		Debug|Any CPU = Debug|Any CPU
		Release|Any CPU = Release|Any CPU
	EndGlobalSection
	GlobalSection(ProjectConfigurationPlatforms) = postSolution
		{5009BC9B-6317-4FE9-91CC-E5E9B89AC7FA}.Debug|Any CPU.ActiveCfg = Debug|Any CPU
		{5009BC9B-6317-4FE9-91CC-E5E9B89AC7FA}.Debug|Any CPU.Build.0 = Debug|Any CPU
		{5009BC9B-6317-4FE9-91CC-E5E9B89AC7FA}.Release|Any CPU.ActiveCfg = Release|Any CPU
		{5009BC9B-6317-4FE9-91CC-E5E9B89AC7FA}.Release|Any CPU.Build.0 = Release|Any CPU
		{D1313B47-D943-4875-A5A3-2D6AA9D6E8D2}.Debug|Any CPU.ActiveCfg = Debug|Any CPU
		{D1313B47-D943-4875-A5A3-2D6AA9D6E8D2}.Debug|Any CPU.Build.0 = Debug|Any CPU
		{D1313B47-D943-4875-A5A3-2D6AA9D6E8D2}.Release|Any CPU.ActiveCfg = Release|Any CPU
		{D1313B47-D943-4875-A5A3-2D6AA9D6E8D2}.Release|Any CPU.Build.0 = Release|Any CPU
	EndGlobalSection
	GlobalSection(SolutionProperties) = preSolution
		HideSolutionNode = FALSE
	EndGlobalSection
EndGlobal
